{
  "originHash" : "d1043f736626a275b2002b42177702e402f3572dc19a9e6d95207380d2254684",
  "pins" : [
    {
      "identity" : "bolts-swift",
      "kind" : "remoteSourceControl",
      "location" : "https://github.com/BoltsFramework/Bolts-Swift.git",
      "state" : {
        "revision" : "d8c07eee2045a13f34330c0a4664053b5176e3f0",
        "version" : "1.5.0"
      }
    },
    {
      "identity" : "promisekit",
      "kind" : "remoteSourceControl",
      "location" : "https://github.com/mxcl/PromiseKit.git",
      "state" : {
        "revision" : "6fcc08077124e9747f1ec7bd8bb78f5caffe5a79",
        "version" : "8.1.2"
      }
    },
    {
      "identity" : "rxswift",
      "kind" : "remoteSourceControl",
      "location" : "https://github.com/ReactiveX/RxSwift",
      "state" : {
        "revision" : "b06a8c8596e4c3e8e7788e08e720e3248563ce6a",
        "version" : "6.7.1"
      }
    }
  ],
  "version" : 3
}
